
Microsoft Visual Studio Solution File, Format Version 12.00
# Visual Studio 14
VisualStudioVersion = 14.0.25420.1
MinimumVisualStudioVersion = 10.0.40219.1
Project("{FAE04EC0-301F-11D3-BF4B-00C04F79EFBC}") = "Project.DAL", "DAL\Project.DAL.csproj", "{A3846063-BC2B-4FE6-A58F-09BA0F0DDD39}"
EndProject
Project("{FAE04EC0-301F-11D3-BF4B-00C04F79EFBC}") = "Project.MVC.WebAPI", "..\Project.MVC.WebAPI\Project.MVC.WebAPI.csproj", "{E00E39CF-7CDE-4685-A2C2-E65F44028E91}"
EndProject
Project("{FAE04EC0-301F-11D3-BF4B-00C04F79EFBC}") = "Project.MVC.Tests.WebAPI.Tests", "Project.MVC.Tests.WebAPI.Tests\Project.MVC.Tests.WebAPI.Tests.csproj", "{9D80B395-7F36-42D1-98AF-D27ADF89AB44}"
EndProject
Project("{FAE04EC0-301F-11D3-BF4B-00C04F79EFBC}") = "Project.DAL.Common", "..\Project.DAL.Common\Project.DAL.Common.csproj", "{E3B379BD-5ACF-423D-AA89-D1C97208580B}"
EndProject
Project("{FAE04EC0-301F-11D3-BF4B-00C04F79EFBC}") = "Project.Model", "..\Project.Model\Project.Model.csproj", "{A9E4D573-DEB7-49DF-A987-5C74BF1FEF99}"
EndProject
Project("{FAE04EC0-301F-11D3-BF4B-00C04F79EFBC}") = "Project.Model.Common", "..\Project.Model.Common\Project.Model.Common.csproj", "{FF804096-B33C-429F-AE41-49DD67945437}"
EndProject
Project("{FAE04EC0-301F-11D3-BF4B-00C04F79EFBC}") = "Project.Reporsitory", "..\Project.Reporsitory\Project.Reporsitory.csproj", "{D9B6A05F-7810-4AAA-866E-992AEDCA4272}"
EndProject
Project("{FAE04EC0-301F-11D3-BF4B-00C04F79EFBC}") = "Project.Reporsitory.Common", "..\Project.Reporsitory.Common\Project.Reporsitory.Common.csproj", "{4BD00DA1-3224-489A-9C26-6D8EE58CB415}"
EndProject
Project("{FAE04EC0-301F-11D3-BF4B-00C04F79EFBC}") = "Project.Service", "..\Project.Service\Project.Service.csproj", "{93FE89CB-7ACF-4F8C-85DA-B1E0165585FC}"
EndProject
Project("{FAE04EC0-301F-11D3-BF4B-00C04F79EFBC}") = "Project.Service.Common", "..\Project.Service.Common\Project.Service.Common.csproj", "{576CCBED-58E0-4297-A361-FE82BA072418}"
EndProject
Project("{FAE04EC0-301F-11D3-BF4B-00C04F79EFBC}") = "Project.Common", "Project.Common\Project.Common.csproj", "{02B27F0A-4445-443D-9FCC-486F957CC34A}"
EndProject
Project("{FAE04EC0-301F-11D3-BF4B-00C04F79EFBC}") = "Project.DependencyResolver", "Project.DependencyResolver\Project.DependencyResolver.csproj", "{926B4DC1-77FA-4D50-934A-9E0C575AB2BA}"
EndProject
Global
	GlobalSection(SolutionConfigurationPlatforms) = preSolution
		Debug|Any CPU = Debug|Any CPU
		Release|Any CPU = Release|Any CPU
	EndGlobalSection
	GlobalSection(ProjectConfigurationPlatforms) = postSolution
		{A3846063-BC2B-4FE6-A58F-09BA0F0DDD39}.Debug|Any CPU.ActiveCfg = Debug|Any CPU
		{A3846063-BC2B-4FE6-A58F-09BA0F0DDD39}.Debug|Any CPU.Build.0 = Debug|Any CPU
		{A3846063-BC2B-4FE6-A58F-09BA0F0DDD39}.Release|Any CPU.ActiveCfg = Release|Any CPU
		{A3846063-BC2B-4FE6-A58F-09BA0F0DDD39}.Release|Any CPU.Build.0 = Release|Any CPU
		{E00E39CF-7CDE-4685-A2C2-E65F44028E91}.Debug|Any CPU.ActiveCfg = Debug|Any CPU
		{E00E39CF-7CDE-4685-A2C2-E65F44028E91}.Debug|Any CPU.Build.0 = Debug|Any CPU
		{E00E39CF-7CDE-4685-A2C2-E65F44028E91}.Release|Any CPU.ActiveCfg = Release|Any CPU
		{E00E39CF-7CDE-4685-A2C2-E65F44028E91}.Release|Any CPU.Build.0 = Release|Any CPU
		{9D80B395-7F36-42D1-98AF-D27ADF89AB44}.Debug|Any CPU.ActiveCfg = Debug|Any CPU
		{9D80B395-7F36-42D1-98AF-D27ADF89AB44}.Debug|Any CPU.Build.0 = Debug|Any CPU
		{9D80B395-7F36-42D1-98AF-D27ADF89AB44}.Release|Any CPU.ActiveCfg = Release|Any CPU
		{9D80B395-7F36-42D1-98AF-D27ADF89AB44}.Release|Any CPU.Build.0 = Release|Any CPU
		{E3B379BD-5ACF-423D-AA89-D1C97208580B}.Debug|Any CPU.ActiveCfg = Debug|Any CPU
		{E3B379BD-5ACF-423D-AA89-D1C97208580B}.Debug|Any CPU.Build.0 = Debug|Any CPU
		{E3B379BD-5ACF-423D-AA89-D1C97208580B}.Release|Any CPU.ActiveCfg = Release|Any CPU
		{E3B379BD-5ACF-423D-AA89-D1C97208580B}.Release|Any CPU.Build.0 = Release|Any CPU
		{A9E4D573-DEB7-49DF-A987-5C74BF1FEF99}.Debug|Any CPU.ActiveCfg = Debug|Any CPU
		{A9E4D573-DEB7-49DF-A987-5C74BF1FEF99}.Debug|Any CPU.Build.0 = Debug|Any CPU
		{A9E4D573-DEB7-49DF-A987-5C74BF1FEF99}.Release|Any CPU.ActiveCfg = Release|Any CPU
		{A9E4D573-DEB7-49DF-A987-5C74BF1FEF99}.Release|Any CPU.Build.0 = Release|Any CPU
		{FF804096-B33C-429F-AE41-49DD67945437}.Debug|Any CPU.ActiveCfg = Debug|Any CPU
		{FF804096-B33C-429F-AE41-49DD67945437}.Debug|Any CPU.Build.0 = Debug|Any CPU
		{FF804096-B33C-429F-AE41-49DD67945437}.Release|Any CPU.ActiveCfg = Release|Any CPU
		{FF804096-B33C-429F-AE41-49DD67945437}.Release|Any CPU.Build.0 = Release|Any CPU
		{D9B6A05F-7810-4AAA-866E-992AEDCA4272}.Debug|Any CPU.ActiveCfg = Debug|Any CPU
		{D9B6A05F-7810-4AAA-866E-992AEDCA4272}.Debug|Any CPU.Build.0 = Debug|Any CPU
		{D9B6A05F-7810-4AAA-866E-992AEDCA4272}.Release|Any CPU.ActiveCfg = Release|Any CPU
		{D9B6A05F-7810-4AAA-866E-992AEDCA4272}.Release|Any CPU.Build.0 = Release|Any CPU
		{4BD00DA1-3224-489A-9C26-6D8EE58CB415}.Debug|Any CPU.ActiveCfg = Debug|Any CPU
		{4BD00DA1-3224-489A-9C26-6D8EE58CB415}.Debug|Any CPU.Build.0 = Debug|Any CPU
		{4BD00DA1-3224-489A-9C26-6D8EE58CB415}.Release|Any CPU.ActiveCfg = Release|Any CPU
		{4BD00DA1-3224-489A-9C26-6D8EE58CB415}.Release|Any CPU.Build.0 = Release|Any CPU
		{93FE89CB-7ACF-4F8C-85DA-B1E0165585FC}.Debug|Any CPU.ActiveCfg = Debug|Any CPU
		{93FE89CB-7ACF-4F8C-85DA-B1E0165585FC}.Debug|Any CPU.Build.0 = Debug|Any CPU
		{93FE89CB-7ACF-4F8C-85DA-B1E0165585FC}.Release|Any CPU.ActiveCfg = Release|Any CPU
		{93FE89CB-7ACF-4F8C-85DA-B1E0165585FC}.Release|Any CPU.Build.0 = Release|Any CPU
		{576CCBED-58E0-4297-A361-FE82BA072418}.Debug|Any CPU.ActiveCfg = Debug|Any CPU
		{576CCBED-58E0-4297-A361-FE82BA072418}.Debug|Any CPU.Build.0 = Debug|Any CPU
		{576CCBED-58E0-4297-A361-FE82BA072418}.Release|Any CPU.ActiveCfg = Release|Any CPU
		{576CCBED-58E0-4297-A361-FE82BA072418}.Release|Any CPU.Build.0 = Release|Any CPU
		{02B27F0A-4445-443D-9FCC-486F957CC34A}.Debug|Any CPU.ActiveCfg = Debug|Any CPU
		{02B27F0A-4445-443D-9FCC-486F957CC34A}.Debug|Any CPU.Build.0 = Debug|Any CPU
		{02B27F0A-4445-443D-9FCC-486F957CC34A}.Release|Any CPU.ActiveCfg = Release|Any CPU
		{02B27F0A-4445-443D-9FCC-486F957CC34A}.Release|Any CPU.Build.0 = Release|Any CPU
		{926B4DC1-77FA-4D50-934A-9E0C575AB2BA}.Debug|Any CPU.ActiveCfg = Debug|Any CPU
		{926B4DC1-77FA-4D50-934A-9E0C575AB2BA}.Debug|Any CPU.Build.0 = Debug|Any CPU
		{926B4DC1-77FA-4D50-934A-9E0C575AB2BA}.Release|Any CPU.ActiveCfg = Release|Any CPU
		{926B4DC1-77FA-4D50-934A-9E0C575AB2BA}.Release|Any CPU.Build.0 = Release|Any CPU
	EndGlobalSection
	GlobalSection(SolutionProperties) = preSolution
		HideSolutionNode = FALSE
	EndGlobalSection
EndGlobal
